
Microsoft Visual Studio Solution File, Format Version 12.00
# Visual Studio Version 17
VisualStudioVersion = 17.8.34525.116
MinimumVisualStudioVersion = 10.0.40219.1
Project("{FAE04EC0-301F-11D3-BF4B-00C04F79EFBC}") = "SpaceHackathon-2024", "SpaceHackathon-2024\SpaceHackathon-2024.csproj", "{4FB92EC8-EEF5-42CE-A9C1-E2137968650F}"
EndProject
Project("{FAE04EC0-301F-11D3-BF4B-00C04F79EFBC}") = "Backend", "Backend\Backend.csproj", "{7CA50C86-FBC4-4AFA-94F1-E36CF1C13150}"
EndProject
Global
	GlobalSection(SolutionConfigurationPlatforms) = preSolution
		Debug|Any CPU = Debug|Any CPU
		Release|Any CPU = Release|Any CPU
	EndGlobalSection
	GlobalSection(ProjectConfigurationPlatforms) = postSolution
		{4FB92EC8-EEF5-42CE-A9C1-E2137968650F}.Debug|Any CPU.ActiveCfg = Debug|Any CPU
		{4FB92EC8-EEF5-42CE-A9C1-E2137968650F}.Debug|Any CPU.Build.0 = Debug|Any CPU
		{4FB92EC8-EEF5-42CE-A9C1-E2137968650F}.Debug|Any CPU.Deploy.0 = Debug|Any CPU
		{4FB92EC8-EEF5-42CE-A9C1-E2137968650F}.Release|Any CPU.ActiveCfg = Release|Any CPU
		{4FB92EC8-EEF5-42CE-A9C1-E2137968650F}.Release|Any CPU.Build.0 = Release|Any CPU
		{4FB92EC8-EEF5-42CE-A9C1-E2137968650F}.Release|Any CPU.Deploy.0 = Release|Any CPU
		{7CA50C86-FBC4-4AFA-94F1-E36CF1C13150}.Debug|Any CPU.ActiveCfg = Debug|Any CPU
		{7CA50C86-FBC4-4AFA-94F1-E36CF1C13150}.Debug|Any CPU.Build.0 = Debug|Any CPU
		{7CA50C86-FBC4-4AFA-94F1-E36CF1C13150}.Release|Any CPU.ActiveCfg = Release|Any CPU
		{7CA50C86-FBC4-4AFA-94F1-E36CF1C13150}.Release|Any CPU.Build.0 = Release|Any CPU
	EndGlobalSection
	GlobalSection(SolutionProperties) = preSolution
		HideSolutionNode = FALSE
	EndGlobalSection
	GlobalSection(ExtensibilityGlobals) = postSolution
		SolutionGuid = {4F5287F4-1E09-40F1-A57B-8A8293008723}
	EndGlobalSection
EndGlobal
